
Microsoft Visual Studio Solution File, Format Version 12.00
# Visual Studio 14
VisualStudioVersion = 14.0.25420.1
MinimumVisualStudioVersion = 10.0.40219.1
Project("{FAE04EC0-301F-11D3-BF4B-00C04F79EFBC}") = "001-Intro", "001-Intro\001-Intro.csproj", "{01F9B049-5AA8-40B5-9D09-0D84E76487EC}"
EndProject
Project("{FAE04EC0-301F-11D3-BF4B-00C04F79EFBC}") = "002-Features", "002-Features\002-Features.csproj", "{C649C38D-B1E6-40DD-9AA2-D74A917B6902}"
EndProject
Global
	GlobalSection(SolutionConfigurationPlatforms) = preSolution
		Debug|Any CPU = Debug|Any CPU
		Release|Any CPU = Release|Any CPU
	EndGlobalSection
	GlobalSection(ProjectConfigurationPlatforms) = postSolution
		{01F9B049-5AA8-40B5-9D09-0D84E76487EC}.Debug|Any CPU.ActiveCfg = Debug|Any CPU
		{01F9B049-5AA8-40B5-9D09-0D84E76487EC}.Debug|Any CPU.Build.0 = Debug|Any CPU
		{01F9B049-5AA8-40B5-9D09-0D84E76487EC}.Release|Any CPU.ActiveCfg = Release|Any CPU
		{01F9B049-5AA8-40B5-9D09-0D84E76487EC}.Release|Any CPU.Build.0 = Release|Any CPU
		{C649C38D-B1E6-40DD-9AA2-D74A917B6902}.Debug|Any CPU.ActiveCfg = Debug|Any CPU
		{C649C38D-B1E6-40DD-9AA2-D74A917B6902}.Debug|Any CPU.Build.0 = Debug|Any CPU
		{C649C38D-B1E6-40DD-9AA2-D74A917B6902}.Release|Any CPU.ActiveCfg = Release|Any CPU
		{C649C38D-B1E6-40DD-9AA2-D74A917B6902}.Release|Any CPU.Build.0 = Release|Any CPU
	EndGlobalSection
	GlobalSection(SolutionProperties) = preSolution
		HideSolutionNode = FALSE
	EndGlobalSection
EndGlobal
