
Microsoft Visual Studio Solution File, Format Version 12.00
# Visual Studio 14
VisualStudioVersion = 14.0.25420.1
MinimumVisualStudioVersion = 10.0.40219.1
Project("{FAE04EC0-301F-11D3-BF4B-00C04F79EFBC}") = "001-AsyncDelegate", "AsyncDelegate\001-AsyncDelegate.csproj", "{89DE1254-12C9-41A8-8126-C1573E407099}"
EndProject
Project("{FAE04EC0-301F-11D3-BF4B-00C04F79EFBC}") = "002-AsyncCallbackDelegate", "002-AsyncCallbackDelegate\002-AsyncCallbackDelegate.csproj", "{8D2A84B1-A055-47B5-9F99-19CF865C7915}"
EndProject
Project("{FAE04EC0-301F-11D3-BF4B-00C04F79EFBC}") = "003-SimpleMultithreadApp", "003-SimpleMultithreadApp\003-SimpleMultithreadApp.csproj", "{4FAF2114-6C4B-4AB1-85E0-809B32BC88C0}"
EndProject
Project("{FAE04EC0-301F-11D3-BF4B-00C04F79EFBC}") = "004-MultithreadSync", "MultithreadSync\004-MultithreadSync.csproj", "{94321ACF-4116-4101-B2F8-8EE91903AA9B}"
EndProject
Global
	GlobalSection(SolutionConfigurationPlatforms) = preSolution
		Debug|Any CPU = Debug|Any CPU
		Release|Any CPU = Release|Any CPU
	EndGlobalSection
	GlobalSection(ProjectConfigurationPlatforms) = postSolution
		{89DE1254-12C9-41A8-8126-C1573E407099}.Debug|Any CPU.ActiveCfg = Debug|Any CPU
		{89DE1254-12C9-41A8-8126-C1573E407099}.Debug|Any CPU.Build.0 = Debug|Any CPU
		{89DE1254-12C9-41A8-8126-C1573E407099}.Release|Any CPU.ActiveCfg = Release|Any CPU
		{89DE1254-12C9-41A8-8126-C1573E407099}.Release|Any CPU.Build.0 = Release|Any CPU
		{8D2A84B1-A055-47B5-9F99-19CF865C7915}.Debug|Any CPU.ActiveCfg = Debug|Any CPU
		{8D2A84B1-A055-47B5-9F99-19CF865C7915}.Debug|Any CPU.Build.0 = Debug|Any CPU
		{8D2A84B1-A055-47B5-9F99-19CF865C7915}.Release|Any CPU.ActiveCfg = Release|Any CPU
		{8D2A84B1-A055-47B5-9F99-19CF865C7915}.Release|Any CPU.Build.0 = Release|Any CPU
		{4FAF2114-6C4B-4AB1-85E0-809B32BC88C0}.Debug|Any CPU.ActiveCfg = Debug|Any CPU
		{4FAF2114-6C4B-4AB1-85E0-809B32BC88C0}.Debug|Any CPU.Build.0 = Debug|Any CPU
		{4FAF2114-6C4B-4AB1-85E0-809B32BC88C0}.Release|Any CPU.ActiveCfg = Release|Any CPU
		{4FAF2114-6C4B-4AB1-85E0-809B32BC88C0}.Release|Any CPU.Build.0 = Release|Any CPU
		{94321ACF-4116-4101-B2F8-8EE91903AA9B}.Debug|Any CPU.ActiveCfg = Debug|Any CPU
		{94321ACF-4116-4101-B2F8-8EE91903AA9B}.Debug|Any CPU.Build.0 = Debug|Any CPU
		{94321ACF-4116-4101-B2F8-8EE91903AA9B}.Release|Any CPU.ActiveCfg = Release|Any CPU
		{94321ACF-4116-4101-B2F8-8EE91903AA9B}.Release|Any CPU.Build.0 = Release|Any CPU
	EndGlobalSection
	GlobalSection(SolutionProperties) = preSolution
		HideSolutionNode = FALSE
	EndGlobalSection
EndGlobal
