
Microsoft Visual Studio Solution File, Format Version 12.00
# Visual Studio 14
VisualStudioVersion = 14.0.25420.1
MinimumVisualStudioVersion = 10.0.40219.1
Project("{FAE04EC0-301F-11D3-BF4B-00C04F79EFBC}") = "001-DataProviderFactory", "001-DataProviderFactory\001-DataProviderFactory.csproj", "{F309298D-65BA-42D4-9733-75AFC3F459A4}"
EndProject
Project("{FAE04EC0-301F-11D3-BF4B-00C04F79EFBC}") = "002-AutoLotDataReader", "002-AutoLotDataReader\002-AutoLotDataReader.csproj", "{2C764239-EC9F-4C29-8DE7-23A8D9488FDE}"
EndProject
Project("{2150E333-8FDC-42A3-9474-1A3956D46DE8}") = "CreatingDAL", "CreatingDAL", "{8823E81D-BA44-4C1F-AB3B-AD6ADCEA41E3}"
EndProject
Project("{FAE04EC0-301F-11D3-BF4B-00C04F79EFBC}") = "AutoLotDAL", "AutoLotDAL\AutoLotDAL.csproj", "{385A0EA3-9106-4532-B7A3-6094AA8AC23C}"
EndProject
Project("{FAE04EC0-301F-11D3-BF4B-00C04F79EFBC}") = "AutoLotCUIClient", "AutoLotCUIClient\AutoLotCUIClient.csproj", "{0E4B45BD-290C-4A8A-AC5D-BC12D038366D}"
EndProject
Global
	GlobalSection(SolutionConfigurationPlatforms) = preSolution
		Debug|Any CPU = Debug|Any CPU
		Release|Any CPU = Release|Any CPU
	EndGlobalSection
	GlobalSection(ProjectConfigurationPlatforms) = postSolution
		{F309298D-65BA-42D4-9733-75AFC3F459A4}.Debug|Any CPU.ActiveCfg = Debug|Any CPU
		{F309298D-65BA-42D4-9733-75AFC3F459A4}.Debug|Any CPU.Build.0 = Debug|Any CPU
		{F309298D-65BA-42D4-9733-75AFC3F459A4}.Release|Any CPU.ActiveCfg = Release|Any CPU
		{F309298D-65BA-42D4-9733-75AFC3F459A4}.Release|Any CPU.Build.0 = Release|Any CPU
		{2C764239-EC9F-4C29-8DE7-23A8D9488FDE}.Debug|Any CPU.ActiveCfg = Debug|Any CPU
		{2C764239-EC9F-4C29-8DE7-23A8D9488FDE}.Debug|Any CPU.Build.0 = Debug|Any CPU
		{2C764239-EC9F-4C29-8DE7-23A8D9488FDE}.Release|Any CPU.ActiveCfg = Release|Any CPU
		{2C764239-EC9F-4C29-8DE7-23A8D9488FDE}.Release|Any CPU.Build.0 = Release|Any CPU
		{385A0EA3-9106-4532-B7A3-6094AA8AC23C}.Debug|Any CPU.ActiveCfg = Debug|Any CPU
		{385A0EA3-9106-4532-B7A3-6094AA8AC23C}.Debug|Any CPU.Build.0 = Debug|Any CPU
		{385A0EA3-9106-4532-B7A3-6094AA8AC23C}.Release|Any CPU.ActiveCfg = Release|Any CPU
		{385A0EA3-9106-4532-B7A3-6094AA8AC23C}.Release|Any CPU.Build.0 = Release|Any CPU
		{0E4B45BD-290C-4A8A-AC5D-BC12D038366D}.Debug|Any CPU.ActiveCfg = Debug|Any CPU
		{0E4B45BD-290C-4A8A-AC5D-BC12D038366D}.Debug|Any CPU.Build.0 = Debug|Any CPU
		{0E4B45BD-290C-4A8A-AC5D-BC12D038366D}.Release|Any CPU.ActiveCfg = Release|Any CPU
		{0E4B45BD-290C-4A8A-AC5D-BC12D038366D}.Release|Any CPU.Build.0 = Release|Any CPU
	EndGlobalSection
	GlobalSection(SolutionProperties) = preSolution
		HideSolutionNode = FALSE
	EndGlobalSection
	GlobalSection(NestedProjects) = preSolution
		{385A0EA3-9106-4532-B7A3-6094AA8AC23C} = {8823E81D-BA44-4C1F-AB3B-AD6ADCEA41E3}
		{0E4B45BD-290C-4A8A-AC5D-BC12D038366D} = {8823E81D-BA44-4C1F-AB3B-AD6ADCEA41E3}
	EndGlobalSection
EndGlobal
