
Microsoft Visual Studio Solution File, Format Version 12.00
# Visual Studio 14
VisualStudioVersion = 14.0.25420.1
MinimumVisualStudioVersion = 10.0.40219.1
Project("{FAE04EC0-301F-11D3-BF4B-00C04F79EFBC}") = "GenericServiceLib", "GenericServiceLib\GenericServiceLib.csproj", "{C426D06B-6D94-4F19-BA7C-C278935B71B8}"
EndProject
Project("{FAE04EC0-301F-11D3-BF4B-00C04F79EFBC}") = "GenericServiceHost", "GenericServiceHost\GenericServiceHost.csproj", "{B5A53B5B-8B44-4B1C-979D-801137A8CB05}"
EndProject
Project("{FAE04EC0-301F-11D3-BF4B-00C04F79EFBC}") = "GenericServiceClient", "GenericServiceClient\GenericServiceClient.csproj", "{D71F4321-80A1-475F-830F-E7EC8A2A33BA}"
EndProject
Project("{FAE04EC0-301F-11D3-BF4B-00C04F79EFBC}") = "ConsoleClientTestApp", "ConsoleClientTestApp\ConsoleClientTestApp.csproj", "{BFCD6FE8-0C2C-4869-9C16-5C8094CB1FE1}"
EndProject
Project("{FAE04EC0-301F-11D3-BF4B-00C04F79EFBC}") = "GenericServiceLibVersion2", "GenericServiceLibVersion2\GenericServiceLibVersion2.csproj", "{9E1C3ED4-F947-4996-8EF2-87514658C208}"
EndProject
Global
	GlobalSection(SolutionConfigurationPlatforms) = preSolution
		Debug|Any CPU = Debug|Any CPU
		Release|Any CPU = Release|Any CPU
	EndGlobalSection
	GlobalSection(ProjectConfigurationPlatforms) = postSolution
		{C426D06B-6D94-4F19-BA7C-C278935B71B8}.Debug|Any CPU.ActiveCfg = Debug|Any CPU
		{C426D06B-6D94-4F19-BA7C-C278935B71B8}.Debug|Any CPU.Build.0 = Debug|Any CPU
		{C426D06B-6D94-4F19-BA7C-C278935B71B8}.Release|Any CPU.ActiveCfg = Release|Any CPU
		{C426D06B-6D94-4F19-BA7C-C278935B71B8}.Release|Any CPU.Build.0 = Release|Any CPU
		{B5A53B5B-8B44-4B1C-979D-801137A8CB05}.Debug|Any CPU.ActiveCfg = Debug|Any CPU
		{B5A53B5B-8B44-4B1C-979D-801137A8CB05}.Debug|Any CPU.Build.0 = Debug|Any CPU
		{B5A53B5B-8B44-4B1C-979D-801137A8CB05}.Release|Any CPU.ActiveCfg = Release|Any CPU
		{B5A53B5B-8B44-4B1C-979D-801137A8CB05}.Release|Any CPU.Build.0 = Release|Any CPU
		{D71F4321-80A1-475F-830F-E7EC8A2A33BA}.Debug|Any CPU.ActiveCfg = Debug|Any CPU
		{D71F4321-80A1-475F-830F-E7EC8A2A33BA}.Debug|Any CPU.Build.0 = Debug|Any CPU
		{D71F4321-80A1-475F-830F-E7EC8A2A33BA}.Release|Any CPU.ActiveCfg = Release|Any CPU
		{D71F4321-80A1-475F-830F-E7EC8A2A33BA}.Release|Any CPU.Build.0 = Release|Any CPU
		{BFCD6FE8-0C2C-4869-9C16-5C8094CB1FE1}.Debug|Any CPU.ActiveCfg = Debug|Any CPU
		{BFCD6FE8-0C2C-4869-9C16-5C8094CB1FE1}.Debug|Any CPU.Build.0 = Debug|Any CPU
		{BFCD6FE8-0C2C-4869-9C16-5C8094CB1FE1}.Release|Any CPU.ActiveCfg = Release|Any CPU
		{BFCD6FE8-0C2C-4869-9C16-5C8094CB1FE1}.Release|Any CPU.Build.0 = Release|Any CPU
		{9E1C3ED4-F947-4996-8EF2-87514658C208}.Debug|Any CPU.ActiveCfg = Debug|Any CPU
		{9E1C3ED4-F947-4996-8EF2-87514658C208}.Debug|Any CPU.Build.0 = Debug|Any CPU
		{9E1C3ED4-F947-4996-8EF2-87514658C208}.Release|Any CPU.ActiveCfg = Release|Any CPU
		{9E1C3ED4-F947-4996-8EF2-87514658C208}.Release|Any CPU.Build.0 = Release|Any CPU
	EndGlobalSection
	GlobalSection(SolutionProperties) = preSolution
		HideSolutionNode = FALSE
	EndGlobalSection
EndGlobal
