
Microsoft Visual Studio Solution File, Format Version 12.00
# Visual Studio 14
VisualStudioVersion = 14.0.25420.1
MinimumVisualStudioVersion = 10.0.40219.1
Project("{FAE04EC0-301F-11D3-BF4B-00C04F79EFBC}") = "eManager.Domain", "eManager.Domain\eManager.Domain.csproj", "{E9D0F810-7818-4B7B-80C9-AC4EB5E0E335}"
EndProject
Project("{FAE04EC0-301F-11D3-BF4B-00C04F79EFBC}") = "eManager.Web", "eManager.Web\eManager.Web.csproj", "{CA3A08A3-EFEE-4DC0-A222-63B8BCBBE885}"
EndProject
Global
	GlobalSection(SolutionConfigurationPlatforms) = preSolution
		Debug|Any CPU = Debug|Any CPU
		Release|Any CPU = Release|Any CPU
	EndGlobalSection
	GlobalSection(ProjectConfigurationPlatforms) = postSolution
		{E9D0F810-7818-4B7B-80C9-AC4EB5E0E335}.Debug|Any CPU.ActiveCfg = Debug|Any CPU
		{E9D0F810-7818-4B7B-80C9-AC4EB5E0E335}.Debug|Any CPU.Build.0 = Debug|Any CPU
		{E9D0F810-7818-4B7B-80C9-AC4EB5E0E335}.Release|Any CPU.ActiveCfg = Release|Any CPU
		{E9D0F810-7818-4B7B-80C9-AC4EB5E0E335}.Release|Any CPU.Build.0 = Release|Any CPU
		{CA3A08A3-EFEE-4DC0-A222-63B8BCBBE885}.Debug|Any CPU.ActiveCfg = Debug|Any CPU
		{CA3A08A3-EFEE-4DC0-A222-63B8BCBBE885}.Debug|Any CPU.Build.0 = Debug|Any CPU
		{CA3A08A3-EFEE-4DC0-A222-63B8BCBBE885}.Release|Any CPU.ActiveCfg = Release|Any CPU
		{CA3A08A3-EFEE-4DC0-A222-63B8BCBBE885}.Release|Any CPU.Build.0 = Release|Any CPU
	EndGlobalSection
	GlobalSection(SolutionProperties) = preSolution
		HideSolutionNode = FALSE
	EndGlobalSection
EndGlobal
