
Microsoft Visual Studio Solution File, Format Version 12.00
# Visual Studio 15
VisualStudioVersion = 15.0.26403.3
MinimumVisualStudioVersion = 10.0.40219.1
Project("{FAE04EC0-301F-11D3-BF4B-00C04F79EFBC}") = "UI.ConsoleApp", "UI.ConsoleApp\UI.ConsoleApp.csproj", "{8E47C586-6479-47DE-9992-12EB198FFAB0}"
EndProject
Project("{2150E333-8FDC-42A3-9474-1A3956D46DE8}") = "DataLayer", "DataLayer", "{036E4F87-0FF4-46CE-B117-6744D2A9AD20}"
EndProject
Project("{FAE04EC0-301F-11D3-BF4B-00C04F79EFBC}") = "Data.EF", "Data.EF\Data.EF.csproj", "{BFBBB2E7-2096-4A43-B32D-143F23203A0A}"
EndProject
Global
	GlobalSection(SolutionConfigurationPlatforms) = preSolution
		Debug|Any CPU = Debug|Any CPU
		Release|Any CPU = Release|Any CPU
	EndGlobalSection
	GlobalSection(ProjectConfigurationPlatforms) = postSolution
		{8E47C586-6479-47DE-9992-12EB198FFAB0}.Debug|Any CPU.ActiveCfg = Debug|Any CPU
		{8E47C586-6479-47DE-9992-12EB198FFAB0}.Debug|Any CPU.Build.0 = Debug|Any CPU
		{8E47C586-6479-47DE-9992-12EB198FFAB0}.Release|Any CPU.ActiveCfg = Release|Any CPU
		{8E47C586-6479-47DE-9992-12EB198FFAB0}.Release|Any CPU.Build.0 = Release|Any CPU
		{BFBBB2E7-2096-4A43-B32D-143F23203A0A}.Debug|Any CPU.ActiveCfg = Debug|Any CPU
		{BFBBB2E7-2096-4A43-B32D-143F23203A0A}.Debug|Any CPU.Build.0 = Debug|Any CPU
		{BFBBB2E7-2096-4A43-B32D-143F23203A0A}.Release|Any CPU.ActiveCfg = Release|Any CPU
		{BFBBB2E7-2096-4A43-B32D-143F23203A0A}.Release|Any CPU.Build.0 = Release|Any CPU
	EndGlobalSection
	GlobalSection(SolutionProperties) = preSolution
		HideSolutionNode = FALSE
	EndGlobalSection
	GlobalSection(NestedProjects) = preSolution
		{BFBBB2E7-2096-4A43-B32D-143F23203A0A} = {036E4F87-0FF4-46CE-B117-6744D2A9AD20}
	EndGlobalSection
EndGlobal
