
Microsoft Visual Studio Solution File, Format Version 12.00
# Visual Studio 14
VisualStudioVersion = 14.0.25420.1
MinimumVisualStudioVersion = 10.0.40219.1
Project("{FAE04EC0-301F-11D3-BF4B-00C04F79EFBC}") = "PolynomialType.Model", "PolynomialType.Model\PolynomialType.Model.csproj", "{F93AA79C-33C0-41EB-9BC4-45BBA84FA087}"
EndProject
Project("{FAE04EC0-301F-11D3-BF4B-00C04F79EFBC}") = "PolynomialType.ConsoleApp", "PolynomialType.ConsoleApp\PolynomialType.ConsoleApp.csproj", "{69FC3CC1-F5E6-43B6-BFFB-F37215C4EC3F}"
EndProject
Project("{FAE04EC0-301F-11D3-BF4B-00C04F79EFBC}") = "PolynomialType.Tests", "PolynomialType.Tests\PolynomialType.Tests.csproj", "{6ED0BA91-C233-45DC-A226-C1D3B870F199}"
EndProject
Global
	GlobalSection(SolutionConfigurationPlatforms) = preSolution
		Debug|Any CPU = Debug|Any CPU
		Release|Any CPU = Release|Any CPU
	EndGlobalSection
	GlobalSection(ProjectConfigurationPlatforms) = postSolution
		{F93AA79C-33C0-41EB-9BC4-45BBA84FA087}.Debug|Any CPU.ActiveCfg = Debug|Any CPU
		{F93AA79C-33C0-41EB-9BC4-45BBA84FA087}.Debug|Any CPU.Build.0 = Debug|Any CPU
		{F93AA79C-33C0-41EB-9BC4-45BBA84FA087}.Release|Any CPU.ActiveCfg = Release|Any CPU
		{F93AA79C-33C0-41EB-9BC4-45BBA84FA087}.Release|Any CPU.Build.0 = Release|Any CPU
		{69FC3CC1-F5E6-43B6-BFFB-F37215C4EC3F}.Debug|Any CPU.ActiveCfg = Debug|Any CPU
		{69FC3CC1-F5E6-43B6-BFFB-F37215C4EC3F}.Debug|Any CPU.Build.0 = Debug|Any CPU
		{69FC3CC1-F5E6-43B6-BFFB-F37215C4EC3F}.Release|Any CPU.ActiveCfg = Release|Any CPU
		{69FC3CC1-F5E6-43B6-BFFB-F37215C4EC3F}.Release|Any CPU.Build.0 = Release|Any CPU
		{6ED0BA91-C233-45DC-A226-C1D3B870F199}.Debug|Any CPU.ActiveCfg = Debug|Any CPU
		{6ED0BA91-C233-45DC-A226-C1D3B870F199}.Debug|Any CPU.Build.0 = Debug|Any CPU
		{6ED0BA91-C233-45DC-A226-C1D3B870F199}.Release|Any CPU.ActiveCfg = Release|Any CPU
		{6ED0BA91-C233-45DC-A226-C1D3B870F199}.Release|Any CPU.Build.0 = Release|Any CPU
	EndGlobalSection
	GlobalSection(SolutionProperties) = preSolution
		HideSolutionNode = FALSE
	EndGlobalSection
EndGlobal
