
Microsoft Visual Studio Solution File, Format Version 12.00
# Visual Studio 15
VisualStudioVersion = 15.0.26228.9
MinimumVisualStudioVersion = 10.0.40219.1
Project("{FAE04EC0-301F-11D3-BF4B-00C04F79EFBC}") = "OnlineStore.DAL", "OnlineStore.DAL\OnlineStore.DAL.csproj", "{E2CC3507-80BF-4A18-8C00-E453DF0442C0}"
EndProject
Project("{FAE04EC0-301F-11D3-BF4B-00C04F79EFBC}") = "OnlineStore.Repo", "OnlineStore.Repo\OnlineStore.Repo.csproj", "{93DC5E44-B715-49B0-821F-B331D94FDDEC}"
EndProject
Global
	GlobalSection(SolutionConfigurationPlatforms) = preSolution
		Debug|Any CPU = Debug|Any CPU
		Release|Any CPU = Release|Any CPU
	EndGlobalSection
	GlobalSection(ProjectConfigurationPlatforms) = postSolution
		{E2CC3507-80BF-4A18-8C00-E453DF0442C0}.Debug|Any CPU.ActiveCfg = Debug|Any CPU
		{E2CC3507-80BF-4A18-8C00-E453DF0442C0}.Debug|Any CPU.Build.0 = Debug|Any CPU
		{E2CC3507-80BF-4A18-8C00-E453DF0442C0}.Release|Any CPU.ActiveCfg = Release|Any CPU
		{E2CC3507-80BF-4A18-8C00-E453DF0442C0}.Release|Any CPU.Build.0 = Release|Any CPU
		{93DC5E44-B715-49B0-821F-B331D94FDDEC}.Debug|Any CPU.ActiveCfg = Debug|Any CPU
		{93DC5E44-B715-49B0-821F-B331D94FDDEC}.Debug|Any CPU.Build.0 = Debug|Any CPU
		{93DC5E44-B715-49B0-821F-B331D94FDDEC}.Release|Any CPU.ActiveCfg = Release|Any CPU
		{93DC5E44-B715-49B0-821F-B331D94FDDEC}.Release|Any CPU.Build.0 = Release|Any CPU
	EndGlobalSection
	GlobalSection(SolutionProperties) = preSolution
		HideSolutionNode = FALSE
	EndGlobalSection
EndGlobal
