
Microsoft Visual Studio Solution File, Format Version 12.00
# Visual Studio 14
VisualStudioVersion = 14.0.25420.1
MinimumVisualStudioVersion = 10.0.40219.1
Project("{FAE04EC0-301F-11D3-BF4B-00C04F79EFBC}") = "LearningLINQ", "LearningLINQ\LearningLINQ.csproj", "{A7E4A7C6-0D12-4BB8-B0A9-F2B26880C092}"
EndProject
Project("{FAE04EC0-301F-11D3-BF4B-00C04F79EFBC}") = "XMLmanip", "XMLmanip\XMLmanip.csproj", "{EB515E33-F38C-4E82-9B1E-EBAC2E0302F2}"
EndProject
Project("{FAE04EC0-301F-11D3-BF4B-00C04F79EFBC}") = "LinqQuerySyntax", "LinqQuerySyntax\LinqQuerySyntax.csproj", "{1D221B26-DD8B-4D99-A2E6-A001AE816D5F}"
EndProject
Project("{FAE04EC0-301F-11D3-BF4B-00C04F79EFBC}") = "LinqMethodSyntax", "LinqMethodSyntax\LinqMethodSyntax.csproj", "{0F7C8662-1574-42D0-85AD-2E1CFB86C68B}"
EndProject
Project("{FAE04EC0-301F-11D3-BF4B-00C04F79EFBC}") = "OrderQueryResults", "OrderQueryResults\OrderQueryResults.csproj", "{E81CB7D0-5800-4699-91CE-92240EEA603E}"
EndProject
Project("{FAE04EC0-301F-11D3-BF4B-00C04F79EFBC}") = "LargeNumberQuery", "LargeNumberQuery\LargeNumberQuery.csproj", "{3F84981E-3554-457D-AE0F-AF280E9CA576}"
EndProject
Project("{FAE04EC0-301F-11D3-BF4B-00C04F79EFBC}") = "aggregateOperators", "aggregateOperators\aggregateOperators.csproj", "{356EC778-7874-4FE6-9A96-38BC6D0DDA9C}"
EndProject
Project("{FAE04EC0-301F-11D3-BF4B-00C04F79EFBC}") = "SelectDictinctQuery", "SelectDictinctQuery\SelectDictinctQuery.csproj", "{5E91008F-B82B-4FC9-8F21-04B9F533F155}"
EndProject
Project("{FAE04EC0-301F-11D3-BF4B-00C04F79EFBC}") = "MultiOrder", "MultiOrder\MultiOrder.csproj", "{D35871A2-B83D-439E-BBCB-858B8E3D1114}"
EndProject
Global
	GlobalSection(SolutionConfigurationPlatforms) = preSolution
		Debug|Any CPU = Debug|Any CPU
		Release|Any CPU = Release|Any CPU
	EndGlobalSection
	GlobalSection(ProjectConfigurationPlatforms) = postSolution
		{A7E4A7C6-0D12-4BB8-B0A9-F2B26880C092}.Debug|Any CPU.ActiveCfg = Debug|Any CPU
		{A7E4A7C6-0D12-4BB8-B0A9-F2B26880C092}.Debug|Any CPU.Build.0 = Debug|Any CPU
		{A7E4A7C6-0D12-4BB8-B0A9-F2B26880C092}.Release|Any CPU.ActiveCfg = Release|Any CPU
		{A7E4A7C6-0D12-4BB8-B0A9-F2B26880C092}.Release|Any CPU.Build.0 = Release|Any CPU
		{EB515E33-F38C-4E82-9B1E-EBAC2E0302F2}.Debug|Any CPU.ActiveCfg = Debug|Any CPU
		{EB515E33-F38C-4E82-9B1E-EBAC2E0302F2}.Debug|Any CPU.Build.0 = Debug|Any CPU
		{EB515E33-F38C-4E82-9B1E-EBAC2E0302F2}.Release|Any CPU.ActiveCfg = Release|Any CPU
		{EB515E33-F38C-4E82-9B1E-EBAC2E0302F2}.Release|Any CPU.Build.0 = Release|Any CPU
		{1D221B26-DD8B-4D99-A2E6-A001AE816D5F}.Debug|Any CPU.ActiveCfg = Debug|Any CPU
		{1D221B26-DD8B-4D99-A2E6-A001AE816D5F}.Debug|Any CPU.Build.0 = Debug|Any CPU
		{1D221B26-DD8B-4D99-A2E6-A001AE816D5F}.Release|Any CPU.ActiveCfg = Release|Any CPU
		{1D221B26-DD8B-4D99-A2E6-A001AE816D5F}.Release|Any CPU.Build.0 = Release|Any CPU
		{0F7C8662-1574-42D0-85AD-2E1CFB86C68B}.Debug|Any CPU.ActiveCfg = Debug|Any CPU
		{0F7C8662-1574-42D0-85AD-2E1CFB86C68B}.Debug|Any CPU.Build.0 = Debug|Any CPU
		{0F7C8662-1574-42D0-85AD-2E1CFB86C68B}.Release|Any CPU.ActiveCfg = Release|Any CPU
		{0F7C8662-1574-42D0-85AD-2E1CFB86C68B}.Release|Any CPU.Build.0 = Release|Any CPU
		{E81CB7D0-5800-4699-91CE-92240EEA603E}.Debug|Any CPU.ActiveCfg = Debug|Any CPU
		{E81CB7D0-5800-4699-91CE-92240EEA603E}.Debug|Any CPU.Build.0 = Debug|Any CPU
		{E81CB7D0-5800-4699-91CE-92240EEA603E}.Release|Any CPU.ActiveCfg = Release|Any CPU
		{E81CB7D0-5800-4699-91CE-92240EEA603E}.Release|Any CPU.Build.0 = Release|Any CPU
		{3F84981E-3554-457D-AE0F-AF280E9CA576}.Debug|Any CPU.ActiveCfg = Debug|Any CPU
		{3F84981E-3554-457D-AE0F-AF280E9CA576}.Debug|Any CPU.Build.0 = Debug|Any CPU
		{3F84981E-3554-457D-AE0F-AF280E9CA576}.Release|Any CPU.ActiveCfg = Release|Any CPU
		{3F84981E-3554-457D-AE0F-AF280E9CA576}.Release|Any CPU.Build.0 = Release|Any CPU
		{356EC778-7874-4FE6-9A96-38BC6D0DDA9C}.Debug|Any CPU.ActiveCfg = Debug|Any CPU
		{356EC778-7874-4FE6-9A96-38BC6D0DDA9C}.Debug|Any CPU.Build.0 = Debug|Any CPU
		{356EC778-7874-4FE6-9A96-38BC6D0DDA9C}.Release|Any CPU.ActiveCfg = Release|Any CPU
		{356EC778-7874-4FE6-9A96-38BC6D0DDA9C}.Release|Any CPU.Build.0 = Release|Any CPU
		{5E91008F-B82B-4FC9-8F21-04B9F533F155}.Debug|Any CPU.ActiveCfg = Debug|Any CPU
		{5E91008F-B82B-4FC9-8F21-04B9F533F155}.Debug|Any CPU.Build.0 = Debug|Any CPU
		{5E91008F-B82B-4FC9-8F21-04B9F533F155}.Release|Any CPU.ActiveCfg = Release|Any CPU
		{5E91008F-B82B-4FC9-8F21-04B9F533F155}.Release|Any CPU.Build.0 = Release|Any CPU
		{D35871A2-B83D-439E-BBCB-858B8E3D1114}.Debug|Any CPU.ActiveCfg = Debug|Any CPU
		{D35871A2-B83D-439E-BBCB-858B8E3D1114}.Debug|Any CPU.Build.0 = Debug|Any CPU
		{D35871A2-B83D-439E-BBCB-858B8E3D1114}.Release|Any CPU.ActiveCfg = Release|Any CPU
		{D35871A2-B83D-439E-BBCB-858B8E3D1114}.Release|Any CPU.Build.0 = Release|Any CPU
	EndGlobalSection
	GlobalSection(SolutionProperties) = preSolution
		HideSolutionNode = FALSE
	EndGlobalSection
EndGlobal
