
Microsoft Visual Studio Solution File, Format Version 12.00
# Visual Studio 14
VisualStudioVersion = 14.0.25420.1
MinimumVisualStudioVersion = 10.0.40219.1
Project("{FAE04EC0-301F-11D3-BF4B-00C04F79EFBC}") = "001-LinqOverQuery", "001-LinqOverQuery\001-LinqOverQuery.csproj", "{48EB16CD-60B2-4AC9-84FB-0887CA3DDF07}"
EndProject
Project("{FAE04EC0-301F-11D3-BF4B-00C04F79EFBC}") = "002-LinqRetValues", "002-LinqRetValues\002-LinqRetValues.csproj", "{8E4DAD63-D986-47A6-BD96-AB3FD1F45AA0}"
EndProject
Project("{FAE04EC0-301F-11D3-BF4B-00C04F79EFBC}") = "003-LinqOverCollections", "003-LinqOverCollections\003-LinqOverCollections.csproj", "{425E6CEC-31E9-4534-A901-6B436DD9FBA5}"
EndProject
Project("{FAE04EC0-301F-11D3-BF4B-00C04F79EFBC}") = "004-LinqExpressions", "004-LinqExpressions\004-LinqExpressions.csproj", "{689D7A47-1FCD-43A2-A554-176F14E80635}"
EndProject
Project("{FAE04EC0-301F-11D3-BF4B-00C04F79EFBC}") = "005-LinqUsingEnumerable", "005-LinqUsingEnumerable\005-LinqUsingEnumerable.csproj", "{BC3872FB-E412-4348-A8FC-91D53BD88DFC}"
EndProject
Global
	GlobalSection(SolutionConfigurationPlatforms) = preSolution
		Debug|Any CPU = Debug|Any CPU
		Release|Any CPU = Release|Any CPU
	EndGlobalSection
	GlobalSection(ProjectConfigurationPlatforms) = postSolution
		{48EB16CD-60B2-4AC9-84FB-0887CA3DDF07}.Debug|Any CPU.ActiveCfg = Debug|Any CPU
		{48EB16CD-60B2-4AC9-84FB-0887CA3DDF07}.Debug|Any CPU.Build.0 = Debug|Any CPU
		{48EB16CD-60B2-4AC9-84FB-0887CA3DDF07}.Release|Any CPU.ActiveCfg = Release|Any CPU
		{48EB16CD-60B2-4AC9-84FB-0887CA3DDF07}.Release|Any CPU.Build.0 = Release|Any CPU
		{8E4DAD63-D986-47A6-BD96-AB3FD1F45AA0}.Debug|Any CPU.ActiveCfg = Debug|Any CPU
		{8E4DAD63-D986-47A6-BD96-AB3FD1F45AA0}.Debug|Any CPU.Build.0 = Debug|Any CPU
		{8E4DAD63-D986-47A6-BD96-AB3FD1F45AA0}.Release|Any CPU.ActiveCfg = Release|Any CPU
		{8E4DAD63-D986-47A6-BD96-AB3FD1F45AA0}.Release|Any CPU.Build.0 = Release|Any CPU
		{425E6CEC-31E9-4534-A901-6B436DD9FBA5}.Debug|Any CPU.ActiveCfg = Debug|Any CPU
		{425E6CEC-31E9-4534-A901-6B436DD9FBA5}.Debug|Any CPU.Build.0 = Debug|Any CPU
		{425E6CEC-31E9-4534-A901-6B436DD9FBA5}.Release|Any CPU.ActiveCfg = Release|Any CPU
		{425E6CEC-31E9-4534-A901-6B436DD9FBA5}.Release|Any CPU.Build.0 = Release|Any CPU
		{689D7A47-1FCD-43A2-A554-176F14E80635}.Debug|Any CPU.ActiveCfg = Debug|Any CPU
		{689D7A47-1FCD-43A2-A554-176F14E80635}.Debug|Any CPU.Build.0 = Debug|Any CPU
		{689D7A47-1FCD-43A2-A554-176F14E80635}.Release|Any CPU.ActiveCfg = Release|Any CPU
		{689D7A47-1FCD-43A2-A554-176F14E80635}.Release|Any CPU.Build.0 = Release|Any CPU
		{BC3872FB-E412-4348-A8FC-91D53BD88DFC}.Debug|Any CPU.ActiveCfg = Debug|Any CPU
		{BC3872FB-E412-4348-A8FC-91D53BD88DFC}.Debug|Any CPU.Build.0 = Debug|Any CPU
		{BC3872FB-E412-4348-A8FC-91D53BD88DFC}.Release|Any CPU.ActiveCfg = Release|Any CPU
		{BC3872FB-E412-4348-A8FC-91D53BD88DFC}.Release|Any CPU.Build.0 = Release|Any CPU
	EndGlobalSection
	GlobalSection(SolutionProperties) = preSolution
		HideSolutionNode = FALSE
	EndGlobalSection
EndGlobal
