
Microsoft Visual Studio Solution File, Format Version 12.00
# Visual Studio 14
VisualStudioVersion = 14.0.25420.1
MinimumVisualStudioVersion = 10.0.40219.1
Project("{FAE04EC0-301F-11D3-BF4B-00C04F79EFBC}") = "001-SimpleDataSet", "001-SimpleDataSet\001-SimpleDataSet.csproj", "{3A6E0654-D7B8-431C-883A-D3461A314440}"
EndProject
Project("{FAE04EC0-301F-11D3-BF4B-00C04F79EFBC}") = "002-WindowsFormsDataBinding", "002-WindowsFormsDataBinding\002-WindowsFormsDataBinding.csproj", "{B287CB13-6BEE-448C-B6B2-7F48BE08794F}"
EndProject
Project("{FAE04EC0-301F-11D3-BF4B-00C04F79EFBC}") = "003-SimpleSQLDataAdapter", "003-SimpleSQLDataAdapter\003-SimpleSQLDataAdapter.csproj", "{D780B31A-A06E-4BA5-848A-933447F50848}"
EndProject
Project("{FAE04EC0-301F-11D3-BF4B-00C04F79EFBC}") = "004-InventoryDALDC-GUI", "InventoryDALDC-GUI\004-InventoryDALDC-GUI.csproj", "{C2C44255-DCD4-4994-B1BD-F896E7DEA0DB}"
EndProject
Project("{FAE04EC0-301F-11D3-BF4B-00C04F79EFBC}") = "005-MultitabledDS-GUI", "005-MultitabledDS-GUI\005-MultitabledDS-GUI.csproj", "{9FE328BE-0823-4030-A9AF-E99150E122F1}"
EndProject
Global
	GlobalSection(SolutionConfigurationPlatforms) = preSolution
		Debug|Any CPU = Debug|Any CPU
		Release|Any CPU = Release|Any CPU
	EndGlobalSection
	GlobalSection(ProjectConfigurationPlatforms) = postSolution
		{3A6E0654-D7B8-431C-883A-D3461A314440}.Debug|Any CPU.ActiveCfg = Debug|Any CPU
		{3A6E0654-D7B8-431C-883A-D3461A314440}.Debug|Any CPU.Build.0 = Debug|Any CPU
		{3A6E0654-D7B8-431C-883A-D3461A314440}.Release|Any CPU.ActiveCfg = Release|Any CPU
		{3A6E0654-D7B8-431C-883A-D3461A314440}.Release|Any CPU.Build.0 = Release|Any CPU
		{B287CB13-6BEE-448C-B6B2-7F48BE08794F}.Debug|Any CPU.ActiveCfg = Debug|Any CPU
		{B287CB13-6BEE-448C-B6B2-7F48BE08794F}.Debug|Any CPU.Build.0 = Debug|Any CPU
		{B287CB13-6BEE-448C-B6B2-7F48BE08794F}.Release|Any CPU.ActiveCfg = Release|Any CPU
		{B287CB13-6BEE-448C-B6B2-7F48BE08794F}.Release|Any CPU.Build.0 = Release|Any CPU
		{D780B31A-A06E-4BA5-848A-933447F50848}.Debug|Any CPU.ActiveCfg = Debug|Any CPU
		{D780B31A-A06E-4BA5-848A-933447F50848}.Debug|Any CPU.Build.0 = Debug|Any CPU
		{D780B31A-A06E-4BA5-848A-933447F50848}.Release|Any CPU.ActiveCfg = Release|Any CPU
		{D780B31A-A06E-4BA5-848A-933447F50848}.Release|Any CPU.Build.0 = Release|Any CPU
		{C2C44255-DCD4-4994-B1BD-F896E7DEA0DB}.Debug|Any CPU.ActiveCfg = Debug|Any CPU
		{C2C44255-DCD4-4994-B1BD-F896E7DEA0DB}.Debug|Any CPU.Build.0 = Debug|Any CPU
		{C2C44255-DCD4-4994-B1BD-F896E7DEA0DB}.Release|Any CPU.ActiveCfg = Release|Any CPU
		{C2C44255-DCD4-4994-B1BD-F896E7DEA0DB}.Release|Any CPU.Build.0 = Release|Any CPU
		{9FE328BE-0823-4030-A9AF-E99150E122F1}.Debug|Any CPU.ActiveCfg = Debug|Any CPU
		{9FE328BE-0823-4030-A9AF-E99150E122F1}.Debug|Any CPU.Build.0 = Debug|Any CPU
		{9FE328BE-0823-4030-A9AF-E99150E122F1}.Release|Any CPU.ActiveCfg = Release|Any CPU
		{9FE328BE-0823-4030-A9AF-E99150E122F1}.Release|Any CPU.Build.0 = Release|Any CPU
	EndGlobalSection
	GlobalSection(SolutionProperties) = preSolution
		HideSolutionNode = FALSE
	EndGlobalSection
EndGlobal
