
Microsoft Visual Studio Solution File, Format Version 12.00
# Visual Studio 15
VisualStudioVersion = 15.0.26228.10
MinimumVisualStudioVersion = 10.0.40219.1
Project("{FAE04EC0-301F-11D3-BF4B-00C04F79EFBC}") = "Mvc5IdentityExample.Web", "Mvc5IdentityExample.Web\Mvc5IdentityExample.Web.csproj", "{3BD5D46F-B5D3-444B-B6D1-0383CA40A5ED}"
EndProject
Project("{FAE04EC0-301F-11D3-BF4B-00C04F79EFBC}") = "Mvc5IdentityExample.Domain", "Mvc5IdentityExample.Domain\Mvc5IdentityExample.Domain.csproj", "{396C933D-F734-40C6-AD9C-D8DAD92F639F}"
EndProject
Project("{FAE04EC0-301F-11D3-BF4B-00C04F79EFBC}") = "Mvc5IdentityExample.Data", "Mvc5IdentityExample.Data\Mvc5IdentityExample.Data.csproj", "{0E79D65D-84B5-4076-94F8-A3A3F536928E}"
EndProject
Global
	GlobalSection(SolutionConfigurationPlatforms) = preSolution
		Debug|Any CPU = Debug|Any CPU
		Release|Any CPU = Release|Any CPU
	EndGlobalSection
	GlobalSection(ProjectConfigurationPlatforms) = postSolution
		{3BD5D46F-B5D3-444B-B6D1-0383CA40A5ED}.Debug|Any CPU.ActiveCfg = Debug|Any CPU
		{3BD5D46F-B5D3-444B-B6D1-0383CA40A5ED}.Debug|Any CPU.Build.0 = Debug|Any CPU
		{3BD5D46F-B5D3-444B-B6D1-0383CA40A5ED}.Release|Any CPU.ActiveCfg = Release|Any CPU
		{3BD5D46F-B5D3-444B-B6D1-0383CA40A5ED}.Release|Any CPU.Build.0 = Release|Any CPU
		{396C933D-F734-40C6-AD9C-D8DAD92F639F}.Debug|Any CPU.ActiveCfg = Debug|Any CPU
		{396C933D-F734-40C6-AD9C-D8DAD92F639F}.Debug|Any CPU.Build.0 = Debug|Any CPU
		{396C933D-F734-40C6-AD9C-D8DAD92F639F}.Release|Any CPU.ActiveCfg = Release|Any CPU
		{396C933D-F734-40C6-AD9C-D8DAD92F639F}.Release|Any CPU.Build.0 = Release|Any CPU
		{0E79D65D-84B5-4076-94F8-A3A3F536928E}.Debug|Any CPU.ActiveCfg = Debug|Any CPU
		{0E79D65D-84B5-4076-94F8-A3A3F536928E}.Debug|Any CPU.Build.0 = Debug|Any CPU
		{0E79D65D-84B5-4076-94F8-A3A3F536928E}.Release|Any CPU.ActiveCfg = Release|Any CPU
		{0E79D65D-84B5-4076-94F8-A3A3F536928E}.Release|Any CPU.Build.0 = Release|Any CPU
	EndGlobalSection
	GlobalSection(SolutionProperties) = preSolution
		HideSolutionNode = FALSE
	EndGlobalSection
EndGlobal
