
Microsoft Visual Studio Solution File, Format Version 12.00
# Visual Studio 15
VisualStudioVersion = 15.0.26403.7
MinimumVisualStudioVersion = 10.0.40219.1
Project("{2150E333-8FDC-42A3-9474-1A3956D46DE8}") = "01-Basics", "01-Basics", "{3D82D2E9-6CF3-4972-84EB-4CEED174BDD4}"
EndProject
Project("{2150E333-8FDC-42A3-9474-1A3956D46DE8}") = "02-Intermediate", "02-Intermediate", "{9F46E5E0-21A8-40F4-975C-82DB67ACA987}"
EndProject
Project("{2150E333-8FDC-42A3-9474-1A3956D46DE8}") = "03-Advanced", "03-Advanced", "{79653182-9817-48DB-B1F3-0065B5568F8F}"
EndProject
Project("{FAE04EC0-301F-11D3-BF4B-00C04F79EFBC}") = "001-ArraysAndLists", "001-ArraysAndLists\001-ArraysAndLists.csproj", "{F05F8049-32AB-4967-98B0-B876F1D28935}"
EndProject
Project("{FAE04EC0-301F-11D3-BF4B-00C04F79EFBC}") = "002-StringsAndDates", "002-StringsAndDates\002-StringsAndDates.csproj", "{5A208869-4662-401D-A326-44EA70EDCF1C}"
EndProject
Project("{FAE04EC0-301F-11D3-BF4B-00C04F79EFBC}") = "003-WorkingWithFiles", "003-WorkingWithFiles\003-WorkingWithFiles.csproj", "{B304CD89-24F8-4D2E-8F62-E7FAF84DD062}"
EndProject
Project("{FAE04EC0-301F-11D3-BF4B-00C04F79EFBC}") = "001-Classes", "001-Classes\001-Classes.csproj", "{7AB893C9-33AC-4FE1-9B02-82512B2C46ED}"
EndProject
Project("{FAE04EC0-301F-11D3-BF4B-00C04F79EFBC}") = "002-Stack", "002-Stack\002-Stack.csproj", "{5FA608FA-95D8-46E9-9183-19203B1B16A1}"
EndProject
Global
	GlobalSection(SolutionConfigurationPlatforms) = preSolution
		Debug|Any CPU = Debug|Any CPU
		Release|Any CPU = Release|Any CPU
	EndGlobalSection
	GlobalSection(ProjectConfigurationPlatforms) = postSolution
		{F05F8049-32AB-4967-98B0-B876F1D28935}.Debug|Any CPU.ActiveCfg = Debug|Any CPU
		{F05F8049-32AB-4967-98B0-B876F1D28935}.Debug|Any CPU.Build.0 = Debug|Any CPU
		{F05F8049-32AB-4967-98B0-B876F1D28935}.Release|Any CPU.ActiveCfg = Release|Any CPU
		{F05F8049-32AB-4967-98B0-B876F1D28935}.Release|Any CPU.Build.0 = Release|Any CPU
		{5A208869-4662-401D-A326-44EA70EDCF1C}.Debug|Any CPU.ActiveCfg = Debug|Any CPU
		{5A208869-4662-401D-A326-44EA70EDCF1C}.Debug|Any CPU.Build.0 = Debug|Any CPU
		{5A208869-4662-401D-A326-44EA70EDCF1C}.Release|Any CPU.ActiveCfg = Release|Any CPU
		{5A208869-4662-401D-A326-44EA70EDCF1C}.Release|Any CPU.Build.0 = Release|Any CPU
		{B304CD89-24F8-4D2E-8F62-E7FAF84DD062}.Debug|Any CPU.ActiveCfg = Debug|Any CPU
		{B304CD89-24F8-4D2E-8F62-E7FAF84DD062}.Debug|Any CPU.Build.0 = Debug|Any CPU
		{B304CD89-24F8-4D2E-8F62-E7FAF84DD062}.Release|Any CPU.ActiveCfg = Release|Any CPU
		{B304CD89-24F8-4D2E-8F62-E7FAF84DD062}.Release|Any CPU.Build.0 = Release|Any CPU
		{7AB893C9-33AC-4FE1-9B02-82512B2C46ED}.Debug|Any CPU.ActiveCfg = Debug|Any CPU
		{7AB893C9-33AC-4FE1-9B02-82512B2C46ED}.Debug|Any CPU.Build.0 = Debug|Any CPU
		{7AB893C9-33AC-4FE1-9B02-82512B2C46ED}.Release|Any CPU.ActiveCfg = Release|Any CPU
		{7AB893C9-33AC-4FE1-9B02-82512B2C46ED}.Release|Any CPU.Build.0 = Release|Any CPU
		{5FA608FA-95D8-46E9-9183-19203B1B16A1}.Debug|Any CPU.ActiveCfg = Debug|Any CPU
		{5FA608FA-95D8-46E9-9183-19203B1B16A1}.Debug|Any CPU.Build.0 = Debug|Any CPU
		{5FA608FA-95D8-46E9-9183-19203B1B16A1}.Release|Any CPU.ActiveCfg = Release|Any CPU
		{5FA608FA-95D8-46E9-9183-19203B1B16A1}.Release|Any CPU.Build.0 = Release|Any CPU
	EndGlobalSection
	GlobalSection(SolutionProperties) = preSolution
		HideSolutionNode = FALSE
	EndGlobalSection
	GlobalSection(NestedProjects) = preSolution
		{F05F8049-32AB-4967-98B0-B876F1D28935} = {3D82D2E9-6CF3-4972-84EB-4CEED174BDD4}
		{5A208869-4662-401D-A326-44EA70EDCF1C} = {3D82D2E9-6CF3-4972-84EB-4CEED174BDD4}
		{B304CD89-24F8-4D2E-8F62-E7FAF84DD062} = {3D82D2E9-6CF3-4972-84EB-4CEED174BDD4}
		{7AB893C9-33AC-4FE1-9B02-82512B2C46ED} = {9F46E5E0-21A8-40F4-975C-82DB67ACA987}
		{5FA608FA-95D8-46E9-9183-19203B1B16A1} = {9F46E5E0-21A8-40F4-975C-82DB67ACA987}
	EndGlobalSection
EndGlobal
