
Microsoft Visual Studio Solution File, Format Version 12.00
# Visual Studio 14
VisualStudioVersion = 14.0.25420.1
MinimumVisualStudioVersion = 10.0.40219.1
Project("{FAE04EC0-301F-11D3-BF4B-00C04F79EFBC}") = "EmployeeApp", "EmployeeApp\EmployeeApp.csproj", "{734FD0FB-D447-4415-B496-14F711295202}"
EndProject
Project("{FAE04EC0-301F-11D3-BF4B-00C04F79EFBC}") = "AutoProps", "AutoProps\AutoProps.csproj", "{4993EFB5-9B27-456E-A98C-EB2D4C51E950}"
EndProject
Project("{FAE04EC0-301F-11D3-BF4B-00C04F79EFBC}") = "ConstData", "ConstData\ConstData.csproj", "{B37663C9-605A-489F-B514-190E07C209EA}"
EndProject
Project("{2150E333-8FDC-42A3-9474-1A3956D46DE8}") = "Encapsulation", "Encapsulation", "{F06FAD14-3276-4AE8-BCF2-BEFFC47FB09D}"
EndProject
Project("{2150E333-8FDC-42A3-9474-1A3956D46DE8}") = "Inheritance", "Inheritance", "{2502158B-49A5-4C97-893E-46BA02264356}"
EndProject
Project("{FAE04EC0-301F-11D3-BF4B-00C04F79EFBC}") = "Employee", "Employee\Employee.csproj", "{3E894908-3568-4798-AC87-E2BF6C1EFFA3}"
EndProject
Global
	GlobalSection(SolutionConfigurationPlatforms) = preSolution
		Debug|Any CPU = Debug|Any CPU
		Release|Any CPU = Release|Any CPU
	EndGlobalSection
	GlobalSection(ProjectConfigurationPlatforms) = postSolution
		{734FD0FB-D447-4415-B496-14F711295202}.Debug|Any CPU.ActiveCfg = Debug|Any CPU
		{734FD0FB-D447-4415-B496-14F711295202}.Debug|Any CPU.Build.0 = Debug|Any CPU
		{734FD0FB-D447-4415-B496-14F711295202}.Release|Any CPU.ActiveCfg = Release|Any CPU
		{734FD0FB-D447-4415-B496-14F711295202}.Release|Any CPU.Build.0 = Release|Any CPU
		{4993EFB5-9B27-456E-A98C-EB2D4C51E950}.Debug|Any CPU.ActiveCfg = Debug|Any CPU
		{4993EFB5-9B27-456E-A98C-EB2D4C51E950}.Debug|Any CPU.Build.0 = Debug|Any CPU
		{4993EFB5-9B27-456E-A98C-EB2D4C51E950}.Release|Any CPU.ActiveCfg = Release|Any CPU
		{4993EFB5-9B27-456E-A98C-EB2D4C51E950}.Release|Any CPU.Build.0 = Release|Any CPU
		{B37663C9-605A-489F-B514-190E07C209EA}.Debug|Any CPU.ActiveCfg = Debug|Any CPU
		{B37663C9-605A-489F-B514-190E07C209EA}.Debug|Any CPU.Build.0 = Debug|Any CPU
		{B37663C9-605A-489F-B514-190E07C209EA}.Release|Any CPU.ActiveCfg = Release|Any CPU
		{B37663C9-605A-489F-B514-190E07C209EA}.Release|Any CPU.Build.0 = Release|Any CPU
		{3E894908-3568-4798-AC87-E2BF6C1EFFA3}.Debug|Any CPU.ActiveCfg = Debug|Any CPU
		{3E894908-3568-4798-AC87-E2BF6C1EFFA3}.Debug|Any CPU.Build.0 = Debug|Any CPU
		{3E894908-3568-4798-AC87-E2BF6C1EFFA3}.Release|Any CPU.ActiveCfg = Release|Any CPU
		{3E894908-3568-4798-AC87-E2BF6C1EFFA3}.Release|Any CPU.Build.0 = Release|Any CPU
	EndGlobalSection
	GlobalSection(SolutionProperties) = preSolution
		HideSolutionNode = FALSE
	EndGlobalSection
	GlobalSection(NestedProjects) = preSolution
		{734FD0FB-D447-4415-B496-14F711295202} = {F06FAD14-3276-4AE8-BCF2-BEFFC47FB09D}
		{4993EFB5-9B27-456E-A98C-EB2D4C51E950} = {F06FAD14-3276-4AE8-BCF2-BEFFC47FB09D}
		{B37663C9-605A-489F-B514-190E07C209EA} = {F06FAD14-3276-4AE8-BCF2-BEFFC47FB09D}
		{3E894908-3568-4798-AC87-E2BF6C1EFFA3} = {2502158B-49A5-4C97-893E-46BA02264356}
	EndGlobalSection
EndGlobal
