
Microsoft Visual Studio Solution File, Format Version 12.00
# Visual Studio 14
VisualStudioVersion = 14.0.25420.1
MinimumVisualStudioVersion = 10.0.40219.1
Project("{FAE04EC0-301F-11D3-BF4B-00C04F79EFBC}") = "EmployeeApp", "EmployeeApp\EmployeeApp.csproj", "{734FD0FB-D447-4415-B496-14F711295202}"
EndProject
Project("{FAE04EC0-301F-11D3-BF4B-00C04F79EFBC}") = "AutoProps", "AutoProps\AutoProps.csproj", "{4993EFB5-9B27-456E-A98C-EB2D4C51E950}"
EndProject
Project("{FAE04EC0-301F-11D3-BF4B-00C04F79EFBC}") = "ConstData", "ConstData\ConstData.csproj", "{B37663C9-605A-489F-B514-190E07C209EA}"
EndProject
Project("{2150E333-8FDC-42A3-9474-1A3956D46DE8}") = "1-Encapsulation", "1-Encapsulation", "{F06FAD14-3276-4AE8-BCF2-BEFFC47FB09D}"
EndProject
Project("{2150E333-8FDC-42A3-9474-1A3956D46DE8}") = "2-Inheritance", "2-Inheritance", "{2502158B-49A5-4C97-893E-46BA02264356}"
EndProject
Project("{FAE04EC0-301F-11D3-BF4B-00C04F79EFBC}") = "Employee", "Employee\Employee.csproj", "{3E894908-3568-4798-AC87-E2BF6C1EFFA3}"
EndProject
Project("{FAE04EC0-301F-11D3-BF4B-00C04F79EFBC}") = "Shapes", "Shapes\Shapes.csproj", "{F60B56D5-5FD7-4FD0-BFA3-64B11888C7A7}"
EndProject
Project("{2150E333-8FDC-42A3-9474-1A3956D46DE8}") = "3-Polymorphism", "3-Polymorphism", "{C684559B-D256-4721-8AAC-2C82AA5F8EA7}"
EndProject
Project("{FAE04EC0-301F-11D3-BF4B-00C04F79EFBC}") = "ObjectOverrides", "ObjectOverrides\ObjectOverrides.csproj", "{2C2A75CD-B29E-4469-82B9-31D625E72013}"
EndProject
Project("{2150E333-8FDC-42A3-9474-1A3956D46DE8}") = "4-ExceptionHandling", "4-ExceptionHandling", "{7435B8A3-F240-46DE-9374-F869CB8D10F2}"
EndProject
Project("{FAE04EC0-301F-11D3-BF4B-00C04F79EFBC}") = "SimpleException", "SimpleException\SimpleException.csproj", "{ADC2B681-DD0C-416B-BDED-A4ED71F42FCA}"
EndProject
Project("{FAE04EC0-301F-11D3-BF4B-00C04F79EFBC}") = "CustomException", "CustomException\CustomException.csproj", "{28C5794D-1A46-4F8F-BE8A-784B9C24AF0C}"
EndProject
Project("{FAE04EC0-301F-11D3-BF4B-00C04F79EFBC}") = "MultipleExceptions", "MultipleExceptions\MultipleExceptions.csproj", "{BED10604-DE4E-4EAC-8854-EB25366DA604}"
EndProject
Project("{2150E333-8FDC-42A3-9474-1A3956D46DE8}") = "5-Interfaces", "5-Interfaces", "{97F039A2-71FF-41FC-97EE-3092150BD0CA}"
EndProject
Project("{FAE04EC0-301F-11D3-BF4B-00C04F79EFBC}") = "ICloneableExample", "ICloneableExample\ICloneableExample.csproj", "{B592E453-85E6-4246-B5C0-1BD4677B8411}"
EndProject
Project("{FAE04EC0-301F-11D3-BF4B-00C04F79EFBC}") = "CustomInterface", "CustomInterface\CustomInterface.csproj", "{2A4F6540-ECAE-4D20-BFB6-6FE05FFE0A05}"
EndProject
Project("{FAE04EC0-301F-11D3-BF4B-00C04F79EFBC}") = "InterfaceNameClash", "InterfaceNameClash\InterfaceNameClash.csproj", "{C922BFFA-1A65-4F69-9581-FD1CDD5572A7}"
EndProject
Project("{FAE04EC0-301F-11D3-BF4B-00C04F79EFBC}") = "InterfaceHierarchy", "InterfaceHierarchy\InterfaceHierarchy.csproj", "{561123C0-0F58-4046-A58C-83889F81C22E}"
EndProject
Project("{FAE04EC0-301F-11D3-BF4B-00C04F79EFBC}") = "MultipleInheritance", "MultipleInheritance\MultipleInheritance.csproj", "{B56320A1-4F9A-4F19-A706-F8DC93B3CB5B}"
EndProject
Project("{FAE04EC0-301F-11D3-BF4B-00C04F79EFBC}") = "CustomEnumerator", "CustomEnumerator\CustomEnumerator.csproj", "{84F5D62C-DF8C-4C07-B4DC-80C745C702B5}"
EndProject
Project("{FAE04EC0-301F-11D3-BF4B-00C04F79EFBC}") = "EnumeratorWithYield", "EnumeratorWithYield\EnumeratorWithYield.csproj", "{6D50E390-4578-4E02-865E-25492A67D147}"
EndProject
Global
	GlobalSection(SolutionConfigurationPlatforms) = preSolution
		Debug|Any CPU = Debug|Any CPU
		Release|Any CPU = Release|Any CPU
	EndGlobalSection
	GlobalSection(ProjectConfigurationPlatforms) = postSolution
		{734FD0FB-D447-4415-B496-14F711295202}.Debug|Any CPU.ActiveCfg = Debug|Any CPU
		{734FD0FB-D447-4415-B496-14F711295202}.Debug|Any CPU.Build.0 = Debug|Any CPU
		{734FD0FB-D447-4415-B496-14F711295202}.Release|Any CPU.ActiveCfg = Release|Any CPU
		{734FD0FB-D447-4415-B496-14F711295202}.Release|Any CPU.Build.0 = Release|Any CPU
		{4993EFB5-9B27-456E-A98C-EB2D4C51E950}.Debug|Any CPU.ActiveCfg = Debug|Any CPU
		{4993EFB5-9B27-456E-A98C-EB2D4C51E950}.Debug|Any CPU.Build.0 = Debug|Any CPU
		{4993EFB5-9B27-456E-A98C-EB2D4C51E950}.Release|Any CPU.ActiveCfg = Release|Any CPU
		{4993EFB5-9B27-456E-A98C-EB2D4C51E950}.Release|Any CPU.Build.0 = Release|Any CPU
		{B37663C9-605A-489F-B514-190E07C209EA}.Debug|Any CPU.ActiveCfg = Debug|Any CPU
		{B37663C9-605A-489F-B514-190E07C209EA}.Debug|Any CPU.Build.0 = Debug|Any CPU
		{B37663C9-605A-489F-B514-190E07C209EA}.Release|Any CPU.ActiveCfg = Release|Any CPU
		{B37663C9-605A-489F-B514-190E07C209EA}.Release|Any CPU.Build.0 = Release|Any CPU
		{3E894908-3568-4798-AC87-E2BF6C1EFFA3}.Debug|Any CPU.ActiveCfg = Debug|Any CPU
		{3E894908-3568-4798-AC87-E2BF6C1EFFA3}.Debug|Any CPU.Build.0 = Debug|Any CPU
		{3E894908-3568-4798-AC87-E2BF6C1EFFA3}.Release|Any CPU.ActiveCfg = Release|Any CPU
		{3E894908-3568-4798-AC87-E2BF6C1EFFA3}.Release|Any CPU.Build.0 = Release|Any CPU
		{F60B56D5-5FD7-4FD0-BFA3-64B11888C7A7}.Debug|Any CPU.ActiveCfg = Debug|Any CPU
		{F60B56D5-5FD7-4FD0-BFA3-64B11888C7A7}.Debug|Any CPU.Build.0 = Debug|Any CPU
		{F60B56D5-5FD7-4FD0-BFA3-64B11888C7A7}.Release|Any CPU.ActiveCfg = Release|Any CPU
		{F60B56D5-5FD7-4FD0-BFA3-64B11888C7A7}.Release|Any CPU.Build.0 = Release|Any CPU
		{2C2A75CD-B29E-4469-82B9-31D625E72013}.Debug|Any CPU.ActiveCfg = Debug|Any CPU
		{2C2A75CD-B29E-4469-82B9-31D625E72013}.Debug|Any CPU.Build.0 = Debug|Any CPU
		{2C2A75CD-B29E-4469-82B9-31D625E72013}.Release|Any CPU.ActiveCfg = Release|Any CPU
		{2C2A75CD-B29E-4469-82B9-31D625E72013}.Release|Any CPU.Build.0 = Release|Any CPU
		{ADC2B681-DD0C-416B-BDED-A4ED71F42FCA}.Debug|Any CPU.ActiveCfg = Debug|Any CPU
		{ADC2B681-DD0C-416B-BDED-A4ED71F42FCA}.Debug|Any CPU.Build.0 = Debug|Any CPU
		{ADC2B681-DD0C-416B-BDED-A4ED71F42FCA}.Release|Any CPU.ActiveCfg = Release|Any CPU
		{ADC2B681-DD0C-416B-BDED-A4ED71F42FCA}.Release|Any CPU.Build.0 = Release|Any CPU
		{28C5794D-1A46-4F8F-BE8A-784B9C24AF0C}.Debug|Any CPU.ActiveCfg = Debug|Any CPU
		{28C5794D-1A46-4F8F-BE8A-784B9C24AF0C}.Debug|Any CPU.Build.0 = Debug|Any CPU
		{28C5794D-1A46-4F8F-BE8A-784B9C24AF0C}.Release|Any CPU.ActiveCfg = Release|Any CPU
		{28C5794D-1A46-4F8F-BE8A-784B9C24AF0C}.Release|Any CPU.Build.0 = Release|Any CPU
		{BED10604-DE4E-4EAC-8854-EB25366DA604}.Debug|Any CPU.ActiveCfg = Debug|Any CPU
		{BED10604-DE4E-4EAC-8854-EB25366DA604}.Debug|Any CPU.Build.0 = Debug|Any CPU
		{BED10604-DE4E-4EAC-8854-EB25366DA604}.Release|Any CPU.ActiveCfg = Release|Any CPU
		{BED10604-DE4E-4EAC-8854-EB25366DA604}.Release|Any CPU.Build.0 = Release|Any CPU
		{B592E453-85E6-4246-B5C0-1BD4677B8411}.Debug|Any CPU.ActiveCfg = Debug|Any CPU
		{B592E453-85E6-4246-B5C0-1BD4677B8411}.Debug|Any CPU.Build.0 = Debug|Any CPU
		{B592E453-85E6-4246-B5C0-1BD4677B8411}.Release|Any CPU.ActiveCfg = Release|Any CPU
		{B592E453-85E6-4246-B5C0-1BD4677B8411}.Release|Any CPU.Build.0 = Release|Any CPU
		{2A4F6540-ECAE-4D20-BFB6-6FE05FFE0A05}.Debug|Any CPU.ActiveCfg = Debug|Any CPU
		{2A4F6540-ECAE-4D20-BFB6-6FE05FFE0A05}.Debug|Any CPU.Build.0 = Debug|Any CPU
		{2A4F6540-ECAE-4D20-BFB6-6FE05FFE0A05}.Release|Any CPU.ActiveCfg = Release|Any CPU
		{2A4F6540-ECAE-4D20-BFB6-6FE05FFE0A05}.Release|Any CPU.Build.0 = Release|Any CPU
		{C922BFFA-1A65-4F69-9581-FD1CDD5572A7}.Debug|Any CPU.ActiveCfg = Debug|Any CPU
		{C922BFFA-1A65-4F69-9581-FD1CDD5572A7}.Debug|Any CPU.Build.0 = Debug|Any CPU
		{C922BFFA-1A65-4F69-9581-FD1CDD5572A7}.Release|Any CPU.ActiveCfg = Release|Any CPU
		{C922BFFA-1A65-4F69-9581-FD1CDD5572A7}.Release|Any CPU.Build.0 = Release|Any CPU
		{561123C0-0F58-4046-A58C-83889F81C22E}.Debug|Any CPU.ActiveCfg = Debug|Any CPU
		{561123C0-0F58-4046-A58C-83889F81C22E}.Debug|Any CPU.Build.0 = Debug|Any CPU
		{561123C0-0F58-4046-A58C-83889F81C22E}.Release|Any CPU.ActiveCfg = Release|Any CPU
		{561123C0-0F58-4046-A58C-83889F81C22E}.Release|Any CPU.Build.0 = Release|Any CPU
		{B56320A1-4F9A-4F19-A706-F8DC93B3CB5B}.Debug|Any CPU.ActiveCfg = Debug|Any CPU
		{B56320A1-4F9A-4F19-A706-F8DC93B3CB5B}.Debug|Any CPU.Build.0 = Debug|Any CPU
		{B56320A1-4F9A-4F19-A706-F8DC93B3CB5B}.Release|Any CPU.ActiveCfg = Release|Any CPU
		{B56320A1-4F9A-4F19-A706-F8DC93B3CB5B}.Release|Any CPU.Build.0 = Release|Any CPU
		{84F5D62C-DF8C-4C07-B4DC-80C745C702B5}.Debug|Any CPU.ActiveCfg = Debug|Any CPU
		{84F5D62C-DF8C-4C07-B4DC-80C745C702B5}.Debug|Any CPU.Build.0 = Debug|Any CPU
		{84F5D62C-DF8C-4C07-B4DC-80C745C702B5}.Release|Any CPU.ActiveCfg = Release|Any CPU
		{84F5D62C-DF8C-4C07-B4DC-80C745C702B5}.Release|Any CPU.Build.0 = Release|Any CPU
		{6D50E390-4578-4E02-865E-25492A67D147}.Debug|Any CPU.ActiveCfg = Debug|Any CPU
		{6D50E390-4578-4E02-865E-25492A67D147}.Debug|Any CPU.Build.0 = Debug|Any CPU
		{6D50E390-4578-4E02-865E-25492A67D147}.Release|Any CPU.ActiveCfg = Release|Any CPU
		{6D50E390-4578-4E02-865E-25492A67D147}.Release|Any CPU.Build.0 = Release|Any CPU
	EndGlobalSection
	GlobalSection(SolutionProperties) = preSolution
		HideSolutionNode = FALSE
	EndGlobalSection
	GlobalSection(NestedProjects) = preSolution
		{734FD0FB-D447-4415-B496-14F711295202} = {F06FAD14-3276-4AE8-BCF2-BEFFC47FB09D}
		{4993EFB5-9B27-456E-A98C-EB2D4C51E950} = {F06FAD14-3276-4AE8-BCF2-BEFFC47FB09D}
		{B37663C9-605A-489F-B514-190E07C209EA} = {F06FAD14-3276-4AE8-BCF2-BEFFC47FB09D}
		{3E894908-3568-4798-AC87-E2BF6C1EFFA3} = {2502158B-49A5-4C97-893E-46BA02264356}
		{F60B56D5-5FD7-4FD0-BFA3-64B11888C7A7} = {2502158B-49A5-4C97-893E-46BA02264356}
		{2C2A75CD-B29E-4469-82B9-31D625E72013} = {C684559B-D256-4721-8AAC-2C82AA5F8EA7}
		{ADC2B681-DD0C-416B-BDED-A4ED71F42FCA} = {7435B8A3-F240-46DE-9374-F869CB8D10F2}
		{28C5794D-1A46-4F8F-BE8A-784B9C24AF0C} = {7435B8A3-F240-46DE-9374-F869CB8D10F2}
		{BED10604-DE4E-4EAC-8854-EB25366DA604} = {7435B8A3-F240-46DE-9374-F869CB8D10F2}
		{B592E453-85E6-4246-B5C0-1BD4677B8411} = {97F039A2-71FF-41FC-97EE-3092150BD0CA}
		{2A4F6540-ECAE-4D20-BFB6-6FE05FFE0A05} = {97F039A2-71FF-41FC-97EE-3092150BD0CA}
		{C922BFFA-1A65-4F69-9581-FD1CDD5572A7} = {97F039A2-71FF-41FC-97EE-3092150BD0CA}
		{561123C0-0F58-4046-A58C-83889F81C22E} = {97F039A2-71FF-41FC-97EE-3092150BD0CA}
		{B56320A1-4F9A-4F19-A706-F8DC93B3CB5B} = {97F039A2-71FF-41FC-97EE-3092150BD0CA}
		{84F5D62C-DF8C-4C07-B4DC-80C745C702B5} = {97F039A2-71FF-41FC-97EE-3092150BD0CA}
		{6D50E390-4578-4E02-865E-25492A67D147} = {97F039A2-71FF-41FC-97EE-3092150BD0CA}
	EndGlobalSection
EndGlobal
