
Microsoft Visual Studio Solution File, Format Version 12.00
# Visual Studio 14
VisualStudioVersion = 14.0.25420.1
MinimumVisualStudioVersion = 10.0.40219.1
Project("{FAE04EC0-301F-11D3-BF4B-00C04F79EFBC}") = "CustomArrayType.Tests", "UnitTestProject\CustomArrayType.Tests.csproj", "{BA4B5884-4855-40EC-93E1-B184A76E8525}"
EndProject
Project("{FAE04EC0-301F-11D3-BF4B-00C04F79EFBC}") = "CustomArrayType.Lib", "CustomArrayType.Lib\CustomArrayType.Lib.csproj", "{C0BCF034-E521-4419-8108-0450611A8D60}"
EndProject
Global
	GlobalSection(SolutionConfigurationPlatforms) = preSolution
		Debug|Any CPU = Debug|Any CPU
		Release|Any CPU = Release|Any CPU
	EndGlobalSection
	GlobalSection(ProjectConfigurationPlatforms) = postSolution
		{BA4B5884-4855-40EC-93E1-B184A76E8525}.Debug|Any CPU.ActiveCfg = Debug|Any CPU
		{BA4B5884-4855-40EC-93E1-B184A76E8525}.Debug|Any CPU.Build.0 = Debug|Any CPU
		{BA4B5884-4855-40EC-93E1-B184A76E8525}.Release|Any CPU.ActiveCfg = Release|Any CPU
		{BA4B5884-4855-40EC-93E1-B184A76E8525}.Release|Any CPU.Build.0 = Release|Any CPU
		{C0BCF034-E521-4419-8108-0450611A8D60}.Debug|Any CPU.ActiveCfg = Debug|Any CPU
		{C0BCF034-E521-4419-8108-0450611A8D60}.Debug|Any CPU.Build.0 = Debug|Any CPU
		{C0BCF034-E521-4419-8108-0450611A8D60}.Release|Any CPU.ActiveCfg = Release|Any CPU
		{C0BCF034-E521-4419-8108-0450611A8D60}.Release|Any CPU.Build.0 = Release|Any CPU
	EndGlobalSection
	GlobalSection(SolutionProperties) = preSolution
		HideSolutionNode = FALSE
	EndGlobalSection
EndGlobal
